
Microsoft Visual Studio Solution File, Format Version 12.00
# Visual Studio 14
VisualStudioVersion = 14.0.25420.1
MinimumVisualStudioVersion = 10.0.40219.1
Project("{FAE04EC0-301F-11D3-BF4B-00C04F79EFBC}") = "Quanly_benhan", "Quanly_benhan\Quanly_benhan.csproj", "{579FA24B-705B-4E75-A176-CBB41584BC8D}"
EndProject
Global
	GlobalSection(SolutionConfigurationPlatforms) = preSolution
		Debug|Any CPU = Debug|Any CPU
		Release|Any CPU = Release|Any CPU
	EndGlobalSection
	GlobalSection(ProjectConfigurationPlatforms) = postSolution
		{579FA24B-705B-4E75-A176-CBB41584BC8D}.Debug|Any CPU.ActiveCfg = Debug|Any CPU
		{579FA24B-705B-4E75-A176-CBB41584BC8D}.Debug|Any CPU.Build.0 = Debug|Any CPU
		{579FA24B-705B-4E75-A176-CBB41584BC8D}.Release|Any CPU.ActiveCfg = Release|Any CPU
		{579FA24B-705B-4E75-A176-CBB41584BC8D}.Release|Any CPU.Build.0 = Release|Any CPU
	EndGlobalSection
	GlobalSection(SolutionProperties) = preSolution
		HideSolutionNode = FALSE
	EndGlobalSection
EndGlobal
